
Microsoft Visual Studio Solution File, Format Version 12.00
# Visual Studio Version 16
VisualStudioVersion = 16.0.29613.14
MinimumVisualStudioVersion = 10.0.40219.1
Project("{FAE04EC0-301F-11D3-BF4B-00C04F79EFBC}") = "DongHanhDiscordBot", "DongHanhDiscordBot\DongHanhDiscordBot.csproj", "{81396DD3-ED1C-4D03-BA26-A71B2E6E8EA2}"
EndProject
Global
	GlobalSection(SolutionConfigurationPlatforms) = preSolution
		Debug|Any CPU = Debug|Any CPU
		Release|Any CPU = Release|Any CPU
	EndGlobalSection
	GlobalSection(ProjectConfigurationPlatforms) = postSolution
		{81396DD3-ED1C-4D03-BA26-A71B2E6E8EA2}.Debug|Any CPU.ActiveCfg = Debug|Any CPU
		{81396DD3-ED1C-4D03-BA26-A71B2E6E8EA2}.Debug|Any CPU.Build.0 = Debug|Any CPU
		{81396DD3-ED1C-4D03-BA26-A71B2E6E8EA2}.Release|Any CPU.ActiveCfg = Release|Any CPU
		{81396DD3-ED1C-4D03-BA26-A71B2E6E8EA2}.Release|Any CPU.Build.0 = Release|Any CPU
	EndGlobalSection
	GlobalSection(SolutionProperties) = preSolution
		HideSolutionNode = FALSE
	EndGlobalSection
	GlobalSection(ExtensibilityGlobals) = postSolution
		SolutionGuid = {E189823F-6E48-46FF-A8E5-D3C84A7753A8}
	EndGlobalSection
EndGlobal
